// !$*UTF8*$!
{
	archiveVersion = 1;
	classes = {
	};
	objectVersion = 50;
	objects = {

/* Begin PBXBuildFile section */
		AE2646422403770D00CBB0B2 /* AppDelegate.swift in Sources */ = {isa = PBXBuildFile; fileRef = AE2646412403770D00CBB0B2 /* AppDelegate.swift */; };
		AE2646442403770D00CBB0B2 /* SceneDelegate.swift in Sources */ = {isa = PBXBuildFile; fileRef = AE2646432403770D00CBB0B2 /* SceneDelegate.swift */; };
		AE2646462403770D00CBB0B2 /* ViewController.swift in Sources */ = {isa = PBXBuildFile; fileRef = AE2646452403770D00CBB0B2 /* ViewController.swift */; };
		AE2646492403770D00CBB0B2 /* Main.storyboard in Resources */ = {isa = PBXBuildFile; fileRef = AE2646472403770D00CBB0B2 /* Main.storyboard */; };
		AE26464C2403770D00CBB0B2 /* PullToRequest.xcdatamodeld in Sources */ = {isa = PBXBuildFile; fileRef = AE26464A2403770D00CBB0B2 /* PullToRequest.xcdatamodeld */; };
		AE26464E2403771100CBB0B2 /* Assets.xcassets in Resources */ = {isa = PBXBuildFile; fileRef = AE26464D2403771100CBB0B2 /* Assets.xcassets */; };
		AE2646512403771100CBB0B2 /* LaunchScreen.storyboard in Resources */ = {isa = PBXBuildFile; fileRef = AE26464F2403771100CBB0B2 /* LaunchScreen.storyboard */; };
		AE26465C2403771100CBB0B2 /* PullToRequestTests.swift in Sources */ = {isa = PBXBuildFile; fileRef = AE26465B2403771100CBB0B2 /* PullToRequestTests.swift */; };
/* End PBXBuildFile section */

/* Begin PBXContainerItemProxy section */
		AE2646582403771100CBB0B2 /* PBXContainerItemProxy */ = {
			isa = PBXContainerItemProxy;
			containerPortal = AE2646362403770D00CBB0B2 /* Project object */;
			proxyType = 1;
			remoteGlobalIDString = AE26463D2403770D00CBB0B2;
			remoteInfo = PullToRequest;
		};
/* End PBXContainerItemProxy section */

/* Begin PBXFileReference section */
		AE26463E2403770D00CBB0B2 /* PullToRequest.app */ = {isa = PBXFileReference; explicitFileType = wrapper.application; includeInIndex = 0; path = PullToRequest.app; sourceTree = BUILT_PRODUCTS_DIR; };
		AE2646412403770D00CBB0B2 /* AppDelegate.swift */ = {isa = PBXFileReference; lastKnownFileType = sourcecode.swift; path = AppDelegate.swift; sourceTree = "<group>"; };
		AE2646432403770D00CBB0B2 /* SceneDelegate.swift */ = {isa = PBXFileReference; lastKnownFileType = sourcecode.swift; path = SceneDelegate.swift; sourceTree = "<group>"; };
		AE2646452403770D00CBB0B2 /* ViewController.swift */ = {isa = PBXFileReference; lastKnownFileType = sourcecode.swift; path = ViewController.swift; sourceTree = "<group>"; };
		AE2646482403770D00CBB0B2 /* Base */ = {isa = PBXFileReference; lastKnownFileType = file.storyboard; name = Base; path = Base.lproj/Main.storyboard; sourceTree = "<group>"; };
		AE26464B2403770D00CBB0B2 /* PullToRequest.xcdatamodel */ = {isa = PBXFileReference; lastKnownFileType = wrapper.xcdatamodel; path = PullToRequest.xcdatamodel; sourceTree = "<group>"; };
		AE26464D2403771100CBB0B2 /* Assets.xcassets */ = {isa = PBXFileReference; lastKnownFileType = folder.assetcatalog; path = Assets.xcassets; sourceTree = "<group>"; };
		AE2646502403771100CBB0B2 /* Base */ = {isa = PBXFileReference; lastKnownFileType = file.storyboard; name = Base; path = Base.lproj/LaunchScreen.storyboard; sourceTree = "<group>"; };
		AE2646522403771100CBB0B2 /* Info.plist */ = {isa = PBXFileReference; lastKnownFileType = text.plist.xml; path = Info.plist; sourceTree = "<group>"; };
		AE2646572403771100CBB0B2 /* PullToRequestTests.xctest */ = {isa = PBXFileReference; explicitFileType = wrapper.cfbundle; includeInIndex = 0; path = PullToRequestTests.xctest; sourceTree = BUILT_PRODUCTS_DIR; };
		AE26465B2403771100CBB0B2 /* PullToRequestTests.swift */ = {isa = PBXFileReference; lastKnownFileType = sourcecode.swift; path = PullToRequestTests.swift; sourceTree = "<group>"; };
		AE26465D2403771100CBB0B2 /* Info.plist */ = {isa = PBXFileReference; lastKnownFileType = text.plist.xml; path = Info.plist; sourceTree = "<group>"; };
/* End PBXFileReference section */

/* Begin PBXFrameworksBuildPhase section */
		AE26463B2403770D00CBB0B2 /* Frameworks */ = {
			isa = PBXFrameworksBuildPhase;
			buildActionMask = 2147483647;
			files = (
			);
			runOnlyForDeploymentPostprocessing = 0;
		};
		AE2646542403771100CBB0B2 /* Frameworks */ = {
			isa = PBXFrameworksBuildPhase;
			buildActionMask = 2147483647;
			files = (
			);
			runOnlyForDeploymentPostprocessing = 0;
		};
/* End PBXFrameworksBuildPhase section */

/* Begin PBXGroup section */
		AE2646352403770D00CBB0B2 = {
			isa = PBXGroup;
			children = (
				AE2646402403770D00CBB0B2 /* PullToRequest */,
				AE26465A2403771100CBB0B2 /* PullToRequestTests */,
				AE26463F2403770D00CBB0B2 /* Products */,
			);
			sourceTree = "<group>";
		};
		AE26463F2403770D00CBB0B2 /* Products */ = {
			isa = PBXGroup;
			children = (
				AE26463E2403770D00CBB0B2 /* PullToRequest.app */,
				AE2646572403771100CBB0B2 /* PullToRequestTests.xctest */,
			);
			name = Products;
			sourceTree = "<group>";
		};
		AE2646402403770D00CBB0B2 /* PullToRequest */ = {
			isa = PBXGroup;
			children = (
				AE2646412403770D00CBB0B2 /* AppDelegate.swift */,
				AE2646432403770D00CBB0B2 /* SceneDelegate.swift */,
				AE2646452403770D00CBB0B2 /* ViewController.swift */,
				AE2646472403770D00CBB0B2 /* Main.storyboard */,
				AE26464D2403771100CBB0B2 /* Assets.xcassets */,
				AE26464F2403771100CBB0B2 /* LaunchScreen.storyboard */,
				AE2646522403771100CBB0B2 /* Info.plist */,
				AE26464A2403770D00CBB0B2 /* PullToRequest.xcdatamodeld */,
			);
			path = PullToRequest;
			sourceTree = "<group>";
		};
		AE26465A2403771100CBB0B2 /* PullToRequestTests */ = {
			isa = PBXGroup;
			children = (
				AE26465B2403771100CBB0B2 /* PullToRequestTests.swift */,
				AE26465D2403771100CBB0B2 /* Info.plist */,
			);
			path = PullToRequestTests;
			sourceTree = "<group>";
		};
/* End PBXGroup section */

/* Begin PBXNativeTarget section */
		AE26463D2403770D00CBB0B2 /* PullToRequest */ = {
			isa = PBXNativeTarget;
			buildConfigurationList = AE2646602403771100CBB0B2 /* Build configuration list for PBXNativeTarget "PullToRequest" */;
			buildPhases = (
				AE26463A2403770D00CBB0B2 /* Sources */,
				AE26463B2403770D00CBB0B2 /* Frameworks */,
				AE26463C2403770D00CBB0B2 /* Resources */,
			);
			buildRules = (
			);
			dependencies = (
			);
			name = PullToRequest;
			productName = PullToRequest;
			productReference = AE26463E2403770D00CBB0B2 /* PullToRequest.app */;
			productType = "com.apple.product-type.application";
		};
		AE2646562403771100CBB0B2 /* PullToRequestTests */ = {
			isa = PBXNativeTarget;
			buildConfigurationList = AE2646632403771100CBB0B2 /* Build configuration list for PBXNativeTarget "PullToRequestTests" */;
			buildPhases = (
				AE2646532403771100CBB0B2 /* Sources */,
				AE2646542403771100CBB0B2 /* Frameworks */,
				AE2646552403771100CBB0B2 /* Resources */,
			);
			buildRules = (
			);
			dependencies = (
				AE2646592403771100CBB0B2 /* PBXTargetDependency */,
			);
			name = PullToRequestTests;
			productName = PullToRequestTests;
			productReference = AE2646572403771100CBB0B2 /* PullToRequestTests.xctest */;
			productType = "com.apple.product-type.bundle.unit-test";
		};
/* End PBXNativeTarget section */

/* Begin PBXProject section */
		AE2646362403770D00CBB0B2 /* Project object */ = {
			isa = PBXProject;
			attributes = {
				LastSwiftUpdateCheck = 1130;
				LastUpgradeCheck = 1130;
				ORGANIZATIONNAME = iSal;
				TargetAttributes = {
					AE26463D2403770D00CBB0B2 = {
						CreatedOnToolsVersion = 11.3.1;
					};
					AE2646562403771100CBB0B2 = {
						CreatedOnToolsVersion = 11.3.1;
						TestTargetID = AE26463D2403770D00CBB0B2;
					};
				};
			};
			buildConfigurationList = AE2646392403770D00CBB0B2 /* Build configuration list for PBXProject "PullToRequest" */;
			compatibilityVersion = "Xcode 9.3";
			developmentRegion = en;
			hasScannedForEncodings = 0;
			knownRegions = (
				en,
				Base,
			);
			mainGroup = AE2646352403770D00CBB0B2;
			productRefGroup = AE26463F2403770D00CBB0B2 /* Products */;
			projectDirPath = "";
			projectRoot = "";
			targets = (
				AE26463D2403770D00CBB0B2 /* PullToRequest */,
				AE2646562403771100CBB0B2 /* PullToRequestTests */,
			);
		};
/* End PBXProject section */

/* Begin PBXResourcesBuildPhase section */
		AE26463C2403770D00CBB0B2 /* Resources */ = {
			isa = PBXResourcesBuildPhase;
			buildActionMask = 2147483647;
			files = (
				AE2646512403771100CBB0B2 /* LaunchScreen.storyboard in Resources */,
				AE26464E2403771100CBB0B2 /* Assets.xcassets in Resources */,
				AE2646492403770D00CBB0B2 /* Main.storyboard in Resources */,
			);
			runOnlyForDeploymentPostprocessing = 0;
		};
		AE2646552403771100CBB0B2 /* Resources */ = {
			isa = PBXResourcesBuildPhase;
			buildActionMask = 2147483647;
			files = (
			);
			runOnlyForDeploymentPostprocessing = 0;
		};
/* End PBXResourcesBuildPhase section */

/* Begin PBXSourcesBuildPhase section */
		AE26463A2403770D00CBB0B2 /* Sources */ = {
			isa = PBXSourcesBuildPhase;
			buildActionMask = 2147483647;
			files = (
				AE2646462403770D00CBB0B2 /* ViewController.swift in Sources */,
				AE2646422403770D00CBB0B2 /* AppDelegate.swift in Sources */,
				AE2646442403770D00CBB0B2 /* SceneDelegate.swift in Sources */,
				AE26464C2403770D00CBB0B2 /* PullToRequest.xcdatamodeld in Sources */,
			);
			runOnlyForDeploymentPostprocessing = 0;
		};
		AE2646532403771100CBB0B2 /* Sources */ = {
			isa = PBXSourcesBuildPhase;
			buildActionMask = 2147483647;
			files = (
				AE26465C2403771100CBB0B2 /* PullToRequestTests.swift in Sources */,
			);
			runOnlyForDeploymentPostprocessing = 0;
		};
/* End PBXSourcesBuildPhase section */

/* Begin PBXTargetDependency section */
		AE2646592403771100CBB0B2 /* PBXTargetDependency */ = {
			isa = PBXTargetDependency;
			target = AE26463D2403770D00CBB0B2 /* PullToRequest */;
			targetProxy = AE2646582403771100CBB0B2 /* PBXContainerItemProxy */;
		};
/* End PBXTargetDependency section */

/* Begin PBXVariantGroup section */
		AE2646472403770D00CBB0B2 /* Main.storyboard */ = {
			isa = PBXVariantGroup;
			children = (
				AE2646482403770D00CBB0B2 /* Base */,
			);
			name = Main.storyboard;
			sourceTree = "<group>";
		};
		AE26464F2403771100CBB0B2 /* LaunchScreen.storyboard */ = {
			isa = PBXVariantGroup;
			children = (
				AE2646502403771100CBB0B2 /* Base */,
			);
			name = LaunchScreen.storyboard;
			sourceTree = "<group>";
		};
/* End PBXVariantGroup section */

/* Begin XCBuildConfiguration section */
		AE26465E2403771100CBB0B2 /* Debug */ = {
			isa = XCBuildConfiguration;
			buildSettings = {
				ALWAYS_SEARCH_USER_PATHS = NO;
				CLANG_ANALYZER_NONNULL = YES;
				CLANG_ANALYZER_NUMBER_OBJECT_CONVERSION = YES_AGGRESSIVE;
				CLANG_CXX_LANGUAGE_STANDARD = "gnu++14";
				CLANG_CXX_LIBRARY = "libc++";
				CLANG_ENABLE_MODULES = YES;
				CLANG_ENABLE_OBJC_ARC = YES;
				CLANG_ENABLE_OBJC_WEAK = YES;
				CLANG_WARN_BLOCK_CAPTURE_AUTORELEASING = YES;
				CLANG_WARN_BOOL_CONVERSION = YES;
				CLANG_WARN_COMMA = YES;
				CLANG_WARN_CONSTANT_CONVERSION = YES;
				CLANG_WARN_DEPRECATED_OBJC_IMPLEMENTATIONS = YES;
				CLANG_WARN_DIRECT_OBJC_ISA_USAGE = YES_ERROR;
				CLANG_WARN_DOCUMENTATION_COMMENTS = YES;
				CLANG_WARN_EMPTY_BODY = YES;
				CLANG_WARN_ENUM_CONVERSION = YES;
				CLANG_WARN_INFINITE_RECURSION = YES;
				CLANG_WARN_INT_CONVERSION = YES;
				CLANG_WARN_NON_LITERAL_NULL_CONVERSION = YES;
				CLANG_WARN_OBJC_IMPLICIT_RETAIN_SELF = YES;
				CLANG_WARN_OBJC_LITERAL_CONVERSION = YES;
				CLANG_WARN_OBJC_ROOT_CLASS = YES_ERROR;
				CLANG_WARN_RANGE_LOOP_ANALYSIS = YES;
				CLANG_WARN_STRICT_PROTOTYPES = YES;
				CLANG_WARN_SUSPICIOUS_MOVE = YES;
				CLANG_WARN_UNGUARDED_AVAILABILITY = YES_AGGRESSIVE;
				CLANG_WARN_UNREACHABLE_CODE = YES;
				CLANG_WARN__DUPLICATE_METHOD_MATCH = YES;
				COPY_PHASE_STRIP = NO;
				DEBUG_INFORMATION_FORMAT = dwarf;
				ENABLE_STRICT_OBJC_MSGSEND = YES;
				ENABLE_TESTABILITY = YES;
				GCC_C_LANGUAGE_STANDARD = gnu11;
				GCC_DYNAMIC_NO_PIC = NO;
				GCC_NO_COMMON_BLOCKS = YES;
				GCC_OPTIMIZATION_LEVEL = 0;
				GCC_PREPROCESSOR_DEFINITIONS = (
					"DEBUG=1",
					"$(inherited)",
				);
				GCC_WARN_64_TO_32_BIT_CONVERSION = YES;
				GCC_WARN_ABOUT_RETURN_TYPE = YES_ERROR;
				GCC_WARN_UNDECLARED_SELECTOR = YES;
				GCC_WARN_UNINITIALIZED_AUTOS = YES_AGGRESSIVE;
				GCC_WARN_UNUSED_FUNCTION = YES;
				GCC_WARN_UNUSED_VARIABLE = YES;
				IPHONEOS_DEPLOYMENT_TARGET = 13.2;
				MTL_ENABLE_DEBUG_INFO = INCLUDE_SOURCE;
				MTL_FAST_MATH = YES;
				ONLY_ACTIVE_ARCH = YES;
				SDKROOT = iphoneos;
				SWIFT_ACTIVE_COMPILATION_CONDITIONS = DEBUG;
				SWIFT_OPTIMIZATION_LEVEL = "-Onone";
			};
			name = Debug;
		};
		AE26465F2403771100CBB0B2 /* Release */ = {
			isa = XCBuildConfiguration;
			buildSettings = {
				ALWAYS_SEARCH_USER_PATHS = NO;
				CLANG_ANALYZER_NONNULL = YES;
				CLANG_ANALYZER_NUMBER_OBJECT_CONVERSION = YES_AGGRESSIVE;
				CLANG_CXX_LANGUAGE_STANDARD = "gnu++14";
				CLANG_CXX_LIBRARY = "libc++";
				CLANG_ENABLE_MODULES = YES;
				CLANG_ENABLE_OBJC_ARC = YES;
				CLANG_ENABLE_OBJC_WEAK = YES;
				CLANG_WARN_BLOCK_CAPTURE_AUTORELEASING = YES;
				CLANG_WARN_BOOL_CONVERSION = YES;
				CLANG_WARN_COMMA = YES;
				CLANG_WARN_CONSTANT_CONVERSION = YES;
				CLANG_WARN_DEPRECATED_OBJC_IMPLEMENTATIONS = YES;
				CLANG_WARN_DIRECT_OBJC_ISA_USAGE = YES_ERROR;
				CLANG_WARN_DOCUMENTATION_COMMENTS = YES;
				CLANG_WARN_EMPTY_BODY = YES;
				CLANG_WARN_ENUM_CONVERSION = YES;
				CLANG_WARN_INFINITE_RECURSION = YES;
				CLANG_WARN_INT_CONVERSION = YES;
				CLANG_WARN_NON_LITERAL_NULL_CONVERSION = YES;
				CLANG_WARN_OBJC_IMPLICIT_RETAIN_SELF = YES;
				CLANG_WARN_OBJC_LITERAL_CONVERSION = YES;
				CLANG_WARN_OBJC_ROOT_CLASS = YES_ERROR;
				CLANG_WARN_RANGE_LOOP_ANALYSIS = YES;
				CLANG_WARN_STRICT_PROTOTYPES = YES;
				CLANG_WARN_SUSPICIOUS_MOVE = YES;
				CLANG_WARN_UNGUARDED_AVAILABILITY = YES_AGGRESSIVE;
				CLANG_WARN_UNREACHABLE_CODE = YES;
				CLANG_WARN__DUPLICATE_METHOD_MATCH = YES;
				COPY_PHASE_STRIP = NO;
				DEBUG_INFORMATION_FORMAT = "dwarf-with-dsym";
				ENABLE_NS_ASSERTIONS = NO;
				ENABLE_STRICT_OBJC_MSGSEND = YES;
				GCC_C_LANGUAGE_STANDARD = gnu11;
				GCC_NO_COMMON_BLOCKS = YES;
				GCC_WARN_64_TO_32_BIT_CONVERSION = YES;
				GCC_WARN_ABOUT_RETURN_TYPE = YES_ERROR;
				GCC_WARN_UNDECLARED_SELECTOR = YES;
				GCC_WARN_UNINITIALIZED_AUTOS = YES_AGGRESSIVE;
				GCC_WARN_UNUSED_FUNCTION = YES;
				GCC_WARN_UNUSED_VARIABLE = YES;
				IPHONEOS_DEPLOYMENT_TARGET = 13.2;
				MTL_ENABLE_DEBUG_INFO = NO;
				MTL_FAST_MATH = YES;
				SDKROOT = iphoneos;
				SWIFT_COMPILATION_MODE = wholemodule;
				SWIFT_OPTIMIZATION_LEVEL = "-O";
				VALIDATE_PRODUCT = YES;
			};
			name = Release;
		};
		AE2646612403771100CBB0B2 /* Debug */ = {
			isa = XCBuildConfiguration;
			buildSettings = {
				ASSETCATALOG_COMPILER_APPICON_NAME = AppIcon;
				CODE_SIGN_STYLE = Automatic;
				DEVELOPMENT_TEAM = 65U2DYU8H7;
				INFOPLIST_FILE = PullToRequest/Info.plist;
				LD_RUNPATH_SEARCH_PATHS = (
					"$(inherited)",
					"@executable_path/Frameworks",
				);
				PRODUCT_BUNDLE_IDENTIFIER = com.yusufaisal.PullToRequest;
				PRODUCT_NAME = "$(TARGET_NAME)";
				SWIFT_VERSION = 5.0;
				TARGETED_DEVICE_FAMILY = "1,2";
			};
			name = Debug;
		};
		AE2646622403771100CBB0B2 /* Release */ = {
			isa = XCBuildConfiguration;
			buildSettings = {
				ASSETCATALOG_COMPILER_APPICON_NAME = AppIcon;
				CODE_SIGN_STYLE = Automatic;
				DEVELOPMENT_TEAM = 65U2DYU8H7;
				INFOPLIST_FILE = PullToRequest/Info.plist;
				LD_RUNPATH_SEARCH_PATHS = (
					"$(inherited)",
					"@executable_path/Frameworks",
				);
				PRODUCT_BUNDLE_IDENTIFIER = com.yusufaisal.PullToRequest;
				PRODUCT_NAME = "$(TARGET_NAME)";
				SWIFT_VERSION = 5.0;
				TARGETED_DEVICE_FAMILY = "1,2";
			};
			name = Release;
		};
		AE2646642403771100CBB0B2 /* Debug */ = {
			isa = XCBuildConfiguration;
			buildSettings = {
				ALWAYS_EMBED_SWIFT_STANDARD_LIBRARIES = YES;
				BUNDLE_LOADER = "$(TEST_HOST)";
				CODE_SIGN_STYLE = Automatic;
				DEVELOPMENT_TEAM = 65U2DYU8H7;
				INFOPLIST_FILE = PullToRequestTests/Info.plist;
				IPHONEOS_DEPLOYMENT_TARGET = 13.2;
				LD_RUNPATH_SEARCH_PATHS = (
					"$(inherited)",
					"@executable_path/Frameworks",
					"@loader_path/Frameworks",
				);
				PRODUCT_BUNDLE_IDENTIFIER = com.yusufaisal.PullToRequestTests;
				PRODUCT_NAME = "$(TARGET_NAME)";
				SWIFT_VERSION = 5.0;
				TARGETED_DEVICE_FAMILY = "1,2";
				TEST_HOST = "$(BUILT_PRODUCTS_DIR)/PullToRequest.app/PullToRequest";
			};
			name = Debug;
		};
		AE2646652403771100CBB0B2 /* Release */ = {
			isa = XCBuildConfiguration;
			buildSettings = {
				ALWAYS_EMBED_SWIFT_STANDARD_LIBRARIES = YES;
				BUNDLE_LOADER = "$(TEST_HOST)";
				CODE_SIGN_STYLE = Automatic;
				DEVELOPMENT_TEAM = 65U2DYU8H7;
				INFOPLIST_FILE = PullToRequestTests/Info.plist;
				IPHONEOS_DEPLOYMENT_TARGET = 13.2;
				LD_RUNPATH_SEARCH_PATHS = (
					"$(inherited)",
					"@executable_path/Frameworks",
					"@loader_path/Frameworks",
				);
				PRODUCT_BUNDLE_IDENTIFIER = com.yusufaisal.PullToRequestTests;
				PRODUCT_NAME = "$(TARGET_NAME)";
				SWIFT_VERSION = 5.0;
				TARGETED_DEVICE_FAMILY = "1,2";
				TEST_HOST = "$(BUILT_PRODUCTS_DIR)/PullToRequest.app/PullToRequest";
			};
			name = Release;
		};
/* End XCBuildConfiguration section */

/* Begin XCConfigurationList section */
		AE2646392403770D00CBB0B2 /* Build configuration list for PBXProject "PullToRequest" */ = {
			isa = XCConfigurationList;
			buildConfigurations = (
				AE26465E2403771100CBB0B2 /* Debug */,
				AE26465F2403771100CBB0B2 /* Release */,
			);
			defaultConfigurationIsVisible = 0;
			defaultConfigurationName = Release;
		};
		AE2646602403771100CBB0B2 /* Build configuration list for PBXNativeTarget "PullToRequest" */ = {
			isa = XCConfigurationList;
			buildConfigurations = (
				AE2646612403771100CBB0B2 /* Debug */,
				AE2646622403771100CBB0B2 /* Release */,
			);
			defaultConfigurationIsVisible = 0;
			defaultConfigurationName = Release;
		};
		AE2646632403771100CBB0B2 /* Build configuration list for PBXNativeTarget "PullToRequestTests" */ = {
			isa = XCConfigurationList;
			buildConfigurations = (
				AE2646642403771100CBB0B2 /* Debug */,
				AE2646652403771100CBB0B2 /* Release */,
			);
			defaultConfigurationIsVisible = 0;
			defaultConfigurationName = Release;
		};
/* End XCConfigurationList section */

/* Begin XCVersionGroup section */
		AE26464A2403770D00CBB0B2 /* PullToRequest.xcdatamodeld */ = {
			isa = XCVersionGroup;
			children = (
				AE26464B2403770D00CBB0B2 /* PullToRequest.xcdatamodel */,
			);
			currentVersion = AE26464B2403770D00CBB0B2 /* PullToRequest.xcdatamodel */;
			path = PullToRequest.xcdatamodeld;
			sourceTree = "<group>";
			versionGroupType = wrapper.xcdatamodel;
		};
/* End XCVersionGroup section */
	};
	rootObject = AE2646362403770D00CBB0B2 /* Project object */;
}
